// !$*UTF8*$!
{
	archiveVersion = 1;
	classes = {
	};
	objectVersion = 50;
	objects = {

/* Begin PBXBuildFile section */
		680921AA22BCFAF00075FBC0 /* PFMoveApplication.m in Sources */ = {isa = PBXBuildFile; fileRef = 680921A922BCFAF00075FBC0 /* PFMoveApplication.m */; };
		680921AD22BCFB830075FBC0 /* Alamofire.framework in Frameworks */ = {isa = PBXBuildFile; fileRef = 680921AC22BCFB830075FBC0 /* Alamofire.framework */; };
		680921AE22BCFB830075FBC0 /* Alamofire.framework in Embed Frameworks */ = {isa = PBXBuildFile; fileRef = 680921AC22BCFB830075FBC0 /* Alamofire.framework */; settings = {ATTRIBUTES = (CodeSignOnCopy, RemoveHeadersOnCopy, ); }; };
		685861D520E2626E00BA691E /* AuthVC.swift in Sources */ = {isa = PBXBuildFile; fileRef = 685861D320E2626E00BA691E /* AuthVC.swift */; };
		685861D820E262DE00BA691E /* Cred.swift in Sources */ = {isa = PBXBuildFile; fileRef = 685861D720E262DE00BA691E /* Cred.swift */; };
		6877C4A120EE1A3000D6E0FD /* MediaVC.swift in Sources */ = {isa = PBXBuildFile; fileRef = 6877C4A020EE1A3000D6E0FD /* MediaVC.swift */; };
		6892FC3620E07D6D00C8BDA7 /* access_token.swift in Sources */ = {isa = PBXBuildFile; fileRef = 6892FC3520E07D6D00C8BDA7 /* access_token.swift */; };
		68A69DA7214CB047006B0F76 /* Tweet.swift in Sources */ = {isa = PBXBuildFile; fileRef = 68A69DA6214CB047006B0F76 /* Tweet.swift */; };
		68C3FF9720EC08A4002D367A /* Welcome.swift in Sources */ = {isa = PBXBuildFile; fileRef = 68C3FF9520EC08A4002D367A /* Welcome.swift */; };
		68C3FF9D20EC135E002D367A /* Profiles.swift in Sources */ = {isa = PBXBuildFile; fileRef = 68C3FF9C20EC135E002D367A /* Profiles.swift */; };
		68C4ECEC20DF283C004B5C5B /* AppDelegate.swift in Sources */ = {isa = PBXBuildFile; fileRef = 68C4ECEB20DF283C004B5C5B /* AppDelegate.swift */; };
		68C4ECEE20DF283C004B5C5B /* ViewController.swift in Sources */ = {isa = PBXBuildFile; fileRef = 68C4ECED20DF283C004B5C5B /* ViewController.swift */; };
		68C4ECF020DF283E004B5C5B /* Assets.xcassets in Resources */ = {isa = PBXBuildFile; fileRef = 68C4ECEF20DF283E004B5C5B /* Assets.xcassets */; };
		68C4ECF320DF283E004B5C5B /* Main.storyboard in Resources */ = {isa = PBXBuildFile; fileRef = 68C4ECF120DF283E004B5C5B /* Main.storyboard */; };
/* End PBXBuildFile section */

/* Begin PBXCopyFilesBuildPhase section */
		68E0027520DF653400461B7C /* Embed Frameworks */ = {
			isa = PBXCopyFilesBuildPhase;
			buildActionMask = 2147483647;
			dstPath = "";
			dstSubfolderSpec = 10;
			files = (
				680921AE22BCFB830075FBC0 /* Alamofire.framework in Embed Frameworks */,
			);
			name = "Embed Frameworks";
			runOnlyForDeploymentPostprocessing = 0;
		};
/* End PBXCopyFilesBuildPhase section */

/* Begin PBXFileReference section */
		680921A622BCFAA00075FBC0 /* PFMoveApplication.h */ = {isa = PBXFileReference; lastKnownFileType = sourcecode.c.h; path = PFMoveApplication.h; sourceTree = "<group>"; };
		680921A922BCFAF00075FBC0 /* PFMoveApplication.m */ = {isa = PBXFileReference; lastKnownFileType = sourcecode.c.objc; path = PFMoveApplication.m; sourceTree = "<group>"; };
		680921AC22BCFB830075FBC0 /* Alamofire.framework */ = {isa = PBXFileReference; lastKnownFileType = wrapper.framework; name = Alamofire.framework; path = Carthage/Build/Mac/Alamofire.framework; sourceTree = "<group>"; };
		685861D320E2626E00BA691E /* AuthVC.swift */ = {isa = PBXFileReference; lastKnownFileType = sourcecode.swift; path = AuthVC.swift; sourceTree = "<group>"; };
		685861D720E262DE00BA691E /* Cred.swift */ = {isa = PBXFileReference; lastKnownFileType = sourcecode.swift; path = Cred.swift; sourceTree = "<group>"; };
		6877C4A020EE1A3000D6E0FD /* MediaVC.swift */ = {isa = PBXFileReference; lastKnownFileType = sourcecode.swift; path = MediaVC.swift; sourceTree = "<group>"; };
		6892FC3520E07D6D00C8BDA7 /* access_token.swift */ = {isa = PBXFileReference; lastKnownFileType = sourcecode.swift; path = access_token.swift; sourceTree = "<group>"; };
		68A69DA6214CB047006B0F76 /* Tweet.swift */ = {isa = PBXFileReference; lastKnownFileType = sourcecode.swift; path = Tweet.swift; sourceTree = "<group>"; };
		68C3FF9520EC08A4002D367A /* Welcome.swift */ = {isa = PBXFileReference; lastKnownFileType = sourcecode.swift; path = Welcome.swift; sourceTree = "<group>"; };
		68C3FF9C20EC135E002D367A /* Profiles.swift */ = {isa = PBXFileReference; lastKnownFileType = sourcecode.swift; path = Profiles.swift; sourceTree = "<group>"; };
		68C4ECE820DF283C004B5C5B /* Chirper.app */ = {isa = PBXFileReference; explicitFileType = wrapper.application; includeInIndex = 0; path = Chirper.app; sourceTree = BUILT_PRODUCTS_DIR; };
		68C4ECEB20DF283C004B5C5B /* AppDelegate.swift */ = {isa = PBXFileReference; lastKnownFileType = sourcecode.swift; path = AppDelegate.swift; sourceTree = "<group>"; };
		68C4ECED20DF283C004B5C5B /* ViewController.swift */ = {isa = PBXFileReference; lastKnownFileType = sourcecode.swift; path = ViewController.swift; sourceTree = "<group>"; };
		68C4ECEF20DF283E004B5C5B /* Assets.xcassets */ = {isa = PBXFileReference; lastKnownFileType = folder.assetcatalog; path = Assets.xcassets; sourceTree = "<group>"; };
		68C4ECF220DF283E004B5C5B /* Base */ = {isa = PBXFileReference; lastKnownFileType = file.storyboard; name = Base; path = Base.lproj/Main.storyboard; sourceTree = "<group>"; };
		68C4ECF420DF283E004B5C5B /* Info.plist */ = {isa = PBXFileReference; lastKnownFileType = text.plist.xml; path = Info.plist; sourceTree = "<group>"; };
		68C4ECF520DF283E004B5C5B /* Chirper.entitlements */ = {isa = PBXFileReference; lastKnownFileType = text.plist.entitlements; path = Chirper.entitlements; sourceTree = "<group>"; };
/* End PBXFileReference section */

/* Begin PBXFrameworksBuildPhase section */
		68C4ECE520DF283C004B5C5B /* Frameworks */ = {
			isa = PBXFrameworksBuildPhase;
			buildActionMask = 2147483647;
			files = (
				680921AD22BCFB830075FBC0 /* Alamofire.framework in Frameworks */,
			);
			runOnlyForDeploymentPostprocessing = 0;
		};
/* End PBXFrameworksBuildPhase section */

/* Begin PBXGroup section */
		680921A722BCFAC20075FBC0 /* LetsMove */ = {
			isa = PBXGroup;
			children = (
				680921A622BCFAA00075FBC0 /* PFMoveApplication.h */,
				680921A922BCFAF00075FBC0 /* PFMoveApplication.m */,
			);
			path = LetsMove;
			sourceTree = "<group>";
		};
		680921AB22BCFB830075FBC0 /* Frameworks */ = {
			isa = PBXGroup;
			children = (
				680921AC22BCFB830075FBC0 /* Alamofire.framework */,
			);
			name = Frameworks;
			sourceTree = "<group>";
		};
		685861D220E2624300BA691E /* View Controllers */ = {
			isa = PBXGroup;
			children = (
				68C4ECED20DF283C004B5C5B /* ViewController.swift */,
				685861D320E2626E00BA691E /* AuthVC.swift */,
				68C3FF9520EC08A4002D367A /* Welcome.swift */,
				6877C4A020EE1A3000D6E0FD /* MediaVC.swift */,
			);
			path = "View Controllers";
			sourceTree = "<group>";
		};
		6892FC3320E07D3000C8BDA7 /* Buffer API */ = {
			isa = PBXGroup;
			children = (
				6892FC3420E07D4500C8BDA7 /* Access */,
				685861D720E262DE00BA691E /* Cred.swift */,
				68C3FF9C20EC135E002D367A /* Profiles.swift */,
			);
			path = "Buffer API";
			sourceTree = "<group>";
		};
		6892FC3420E07D4500C8BDA7 /* Access */ = {
			isa = PBXGroup;
			children = (
				6892FC3520E07D6D00C8BDA7 /* access_token.swift */,
			);
			path = Access;
			sourceTree = "<group>";
		};
		68C4ECDF20DF283C004B5C5B = {
			isa = PBXGroup;
			children = (
				68C4ECEA20DF283C004B5C5B /* Chirper */,
				68C4ECE920DF283C004B5C5B /* Products */,
				680921AB22BCFB830075FBC0 /* Frameworks */,
			);
			sourceTree = "<group>";
		};
		68C4ECE920DF283C004B5C5B /* Products */ = {
			isa = PBXGroup;
			children = (
				68C4ECE820DF283C004B5C5B /* Chirper.app */,
			);
			name = Products;
			sourceTree = "<group>";
		};
		68C4ECEA20DF283C004B5C5B /* Chirper */ = {
			isa = PBXGroup;
			children = (
				680921A722BCFAC20075FBC0 /* LetsMove */,
				6892FC3320E07D3000C8BDA7 /* Buffer API */,
				68C4ECEB20DF283C004B5C5B /* AppDelegate.swift */,
				685861D220E2624300BA691E /* View Controllers */,
				68C4ECEF20DF283E004B5C5B /* Assets.xcassets */,
				68C4ECF120DF283E004B5C5B /* Main.storyboard */,
				68C4ECF420DF283E004B5C5B /* Info.plist */,
				68C4ECF520DF283E004B5C5B /* Chirper.entitlements */,
				68A69DA6214CB047006B0F76 /* Tweet.swift */,
			);
			path = Chirper;
			sourceTree = "<group>";
		};
/* End PBXGroup section */

/* Begin PBXNativeTarget section */
		68C4ECE720DF283C004B5C5B /* Chirper */ = {
			isa = PBXNativeTarget;
			buildConfigurationList = 68C4ECF820DF283E004B5C5B /* Build configuration list for PBXNativeTarget "Chirper" */;
			buildPhases = (
				68C4ECE420DF283C004B5C5B /* Sources */,
				68C4ECE520DF283C004B5C5B /* Frameworks */,
				68C4ECE620DF283C004B5C5B /* Resources */,
				68E0027520DF653400461B7C /* Embed Frameworks */,
			);
			buildRules = (
			);
			dependencies = (
			);
			name = Chirper;
			productName = Chirper;
			productReference = 68C4ECE820DF283C004B5C5B /* Chirper.app */;
			productType = "com.apple.product-type.application";
		};
/* End PBXNativeTarget section */

/* Begin PBXProject section */
		68C4ECE020DF283C004B5C5B /* Project object */ = {
			isa = PBXProject;
			attributes = {
				LastSwiftUpdateCheck = 1000;
				LastUpgradeCheck = 1000;
				ORGANIZATIONNAME = "Arthur Guiot";
				TargetAttributes = {
					68C4ECE720DF283C004B5C5B = {
						CreatedOnToolsVersion = 10.0;
						LastSwiftMigration = 1000;
						SystemCapabilities = {
							com.apple.Sandbox = {
								enabled = 1;
							};
						};
					};
				};
			};
			buildConfigurationList = 68C4ECE320DF283C004B5C5B /* Build configuration list for PBXProject "Chirper" */;
			compatibilityVersion = "Xcode 9.3";
			developmentRegion = en;
			hasScannedForEncodings = 0;
			knownRegions = (
				en,
				Base,
			);
			mainGroup = 68C4ECDF20DF283C004B5C5B;
			productRefGroup = 68C4ECE920DF283C004B5C5B /* Products */;
			projectDirPath = "";
			projectRoot = "";
			targets = (
				68C4ECE720DF283C004B5C5B /* Chirper */,
			);
		};
/* End PBXProject section */

/* Begin PBXResourcesBuildPhase section */
		68C4ECE620DF283C004B5C5B /* Resources */ = {
			isa = PBXResourcesBuildPhase;
			buildActionMask = 2147483647;
			files = (
				68C4ECF020DF283E004B5C5B /* Assets.xcassets in Resources */,
				68C4ECF320DF283E004B5C5B /* Main.storyboard in Resources */,
			);
			runOnlyForDeploymentPostprocessing = 0;
		};
/* End PBXResourcesBuildPhase section */

/* Begin PBXSourcesBuildPhase section */
		68C4ECE420DF283C004B5C5B /* Sources */ = {
			isa = PBXSourcesBuildPhase;
			buildActionMask = 2147483647;
			files = (
				68C4ECEE20DF283C004B5C5B /* ViewController.swift in Sources */,
				68A69DA7214CB047006B0F76 /* Tweet.swift in Sources */,
				6877C4A120EE1A3000D6E0FD /* MediaVC.swift in Sources */,
				6892FC3620E07D6D00C8BDA7 /* access_token.swift in Sources */,
				685861D520E2626E00BA691E /* AuthVC.swift in Sources */,
				68C4ECEC20DF283C004B5C5B /* AppDelegate.swift in Sources */,
				68C3FF9D20EC135E002D367A /* Profiles.swift in Sources */,
				680921AA22BCFAF00075FBC0 /* PFMoveApplication.m in Sources */,
				68C3FF9720EC08A4002D367A /* Welcome.swift in Sources */,
				685861D820E262DE00BA691E /* Cred.swift in Sources */,
			);
			runOnlyForDeploymentPostprocessing = 0;
		};
/* End PBXSourcesBuildPhase section */

/* Begin PBXVariantGroup section */
		68C4ECF120DF283E004B5C5B /* Main.storyboard */ = {
			isa = PBXVariantGroup;
			children = (
				68C4ECF220DF283E004B5C5B /* Base */,
			);
			name = Main.storyboard;
			sourceTree = "<group>";
		};
/* End PBXVariantGroup section */

/* Begin XCBuildConfiguration section */
		68C4ECF620DF283E004B5C5B /* Debug */ = {
			isa = XCBuildConfiguration;
			buildSettings = {
				ALWAYS_SEARCH_USER_PATHS = NO;
				CLANG_ANALYZER_NONNULL = YES;
				CLANG_ANALYZER_NUMBER_OBJECT_CONVERSION = YES_AGGRESSIVE;
				CLANG_CXX_LANGUAGE_STANDARD = "gnu++14";
				CLANG_CXX_LIBRARY = "libc++";
				CLANG_ENABLE_MODULES = YES;
				CLANG_ENABLE_OBJC_ARC = YES;
				CLANG_ENABLE_OBJC_WEAK = YES;
				CLANG_WARN_BLOCK_CAPTURE_AUTORELEASING = YES;
				CLANG_WARN_BOOL_CONVERSION = YES;
				CLANG_WARN_COMMA = YES;
				CLANG_WARN_CONSTANT_CONVERSION = YES;
				CLANG_WARN_DEPRECATED_OBJC_IMPLEMENTATIONS = YES;
				CLANG_WARN_DIRECT_OBJC_ISA_USAGE = YES_ERROR;
				CLANG_WARN_DOCUMENTATION_COMMENTS = YES;
				CLANG_WARN_EMPTY_BODY = YES;
				CLANG_WARN_ENUM_CONVERSION = YES;
				CLANG_WARN_INFINITE_RECURSION = YES;
				CLANG_WARN_INT_CONVERSION = YES;
				CLANG_WARN_NON_LITERAL_NULL_CONVERSION = YES;
				CLANG_WARN_OBJC_IMPLICIT_RETAIN_SELF = YES;
				CLANG_WARN_OBJC_LITERAL_CONVERSION = YES;
				CLANG_WARN_OBJC_ROOT_CLASS = YES_ERROR;
				CLANG_WARN_RANGE_LOOP_ANALYSIS = YES;
				CLANG_WARN_STRICT_PROTOTYPES = YES;
				CLANG_WARN_SUSPICIOUS_MOVE = YES;
				CLANG_WARN_UNGUARDED_AVAILABILITY = YES_AGGRESSIVE;
				CLANG_WARN_UNREACHABLE_CODE = YES;
				CLANG_WARN__DUPLICATE_METHOD_MATCH = YES;
				CODE_SIGN_IDENTITY = "Mac Developer";
				COPY_PHASE_STRIP = NO;
				DEBUG_INFORMATION_FORMAT = dwarf;
				ENABLE_STRICT_OBJC_MSGSEND = YES;
				ENABLE_TESTABILITY = YES;
				GCC_C_LANGUAGE_STANDARD = gnu11;
				GCC_DYNAMIC_NO_PIC = NO;
				GCC_NO_COMMON_BLOCKS = YES;
				GCC_OPTIMIZATION_LEVEL = 0;
				GCC_PREPROCESSOR_DEFINITIONS = (
					"DEBUG=1",
					"$(inherited)",
				);
				GCC_WARN_64_TO_32_BIT_CONVERSION = YES;
				GCC_WARN_ABOUT_RETURN_TYPE = YES_ERROR;
				GCC_WARN_UNDECLARED_SELECTOR = YES;
				GCC_WARN_UNINITIALIZED_AUTOS = YES_AGGRESSIVE;
				GCC_WARN_UNUSED_FUNCTION = YES;
				GCC_WARN_UNUSED_VARIABLE = YES;
				MACOSX_DEPLOYMENT_TARGET = 10.12;
				MTL_ENABLE_DEBUG_INFO = INCLUDE_SOURCE;
				ONLY_ACTIVE_ARCH = YES;
				SDKROOT = macosx;
				SWIFT_ACTIVE_COMPILATION_CONDITIONS = DEBUG;
				SWIFT_OPTIMIZATION_LEVEL = "-Onone";
			};
			name = Debug;
		};
		68C4ECF720DF283E004B5C5B /* Release */ = {
			isa = XCBuildConfiguration;
			buildSettings = {
				ALWAYS_SEARCH_USER_PATHS = NO;
				CLANG_ANALYZER_NONNULL = YES;
				CLANG_ANALYZER_NUMBER_OBJECT_CONVERSION = YES_AGGRESSIVE;
				CLANG_CXX_LANGUAGE_STANDARD = "gnu++14";
				CLANG_CXX_LIBRARY = "libc++";
				CLANG_ENABLE_MODULES = YES;
				CLANG_ENABLE_OBJC_ARC = YES;
				CLANG_ENABLE_OBJC_WEAK = YES;
				CLANG_WARN_BLOCK_CAPTURE_AUTORELEASING = YES;
				CLANG_WARN_BOOL_CONVERSION = YES;
				CLANG_WARN_COMMA = YES;
				CLANG_WARN_CONSTANT_CONVERSION = YES;
				CLANG_WARN_DEPRECATED_OBJC_IMPLEMENTATIONS = YES;
				CLANG_WARN_DIRECT_OBJC_ISA_USAGE = YES_ERROR;
				CLANG_WARN_DOCUMENTATION_COMMENTS = YES;
				CLANG_WARN_EMPTY_BODY = YES;
				CLANG_WARN_ENUM_CONVERSION = YES;
				CLANG_WARN_INFINITE_RECURSION = YES;
				CLANG_WARN_INT_CONVERSION = YES;
				CLANG_WARN_NON_LITERAL_NULL_CONVERSION = YES;
				CLANG_WARN_OBJC_IMPLICIT_RETAIN_SELF = YES;
				CLANG_WARN_OBJC_LITERAL_CONVERSION = YES;
				CLANG_WARN_OBJC_ROOT_CLASS = YES_ERROR;
				CLANG_WARN_RANGE_LOOP_ANALYSIS = YES;
				CLANG_WARN_STRICT_PROTOTYPES = YES;
				CLANG_WARN_SUSPICIOUS_MOVE = YES;
				CLANG_WARN_UNGUARDED_AVAILABILITY = YES_AGGRESSIVE;
				CLANG_WARN_UNREACHABLE_CODE = YES;
				CLANG_WARN__DUPLICATE_METHOD_MATCH = YES;
				CODE_SIGN_IDENTITY = "Mac Developer";
				COPY_PHASE_STRIP = NO;
				DEBUG_INFORMATION_FORMAT = "dwarf-with-dsym";
				ENABLE_NS_ASSERTIONS = NO;
				ENABLE_STRICT_OBJC_MSGSEND = YES;
				GCC_C_LANGUAGE_STANDARD = gnu11;
				GCC_NO_COMMON_BLOCKS = YES;
				GCC_WARN_64_TO_32_BIT_CONVERSION = YES;
				GCC_WARN_ABOUT_RETURN_TYPE = YES_ERROR;
				GCC_WARN_UNDECLARED_SELECTOR = YES;
				GCC_WARN_UNINITIALIZED_AUTOS = YES_AGGRESSIVE;
				GCC_WARN_UNUSED_FUNCTION = YES;
				GCC_WARN_UNUSED_VARIABLE = YES;
				MACOSX_DEPLOYMENT_TARGET = 10.12;
				MTL_ENABLE_DEBUG_INFO = NO;
				SDKROOT = macosx;
				SWIFT_COMPILATION_MODE = wholemodule;
				SWIFT_OPTIMIZATION_LEVEL = "-O";
			};
			name = Release;
		};
		68C4ECF920DF283E004B5C5B /* Debug */ = {
			isa = XCBuildConfiguration;
			buildSettings = {
				ALWAYS_EMBED_SWIFT_STANDARD_LIBRARIES = YES;
				ASSETCATALOG_COMPILER_APPICON_NAME = AppIcon;
				CLANG_ENABLE_MODULES = YES;
				CLANG_ENABLE_OBJC_ARC = NO;
				CODE_SIGN_ENTITLEMENTS = Chirper/Chirper.entitlements;
				CODE_SIGN_IDENTITY = "Mac Developer";
				CODE_SIGN_STYLE = Automatic;
				COMBINE_HIDPI_IMAGES = YES;
				DEVELOPMENT_TEAM = 73CCF549YB;
				FRAMEWORK_SEARCH_PATHS = (
					"$(inherited)",
					"$(PROJECT_DIR)/Carthage/Build/Mac",
				);
				INFOPLIST_FILE = Chirper/Info.plist;
				LD_RUNPATH_SEARCH_PATHS = (
					"$(inherited)",
					"@executable_path/../Frameworks",
				);
				MACOSX_DEPLOYMENT_TARGET = 10.12;
				PRODUCT_BUNDLE_IDENTIFIER = com.ArthurG.Chirper;
				PRODUCT_NAME = "$(TARGET_NAME)";
				PROVISIONING_PROFILE_SPECIFIER = "";
				SWIFT_OBJC_BRIDGING_HEADER = Chirper/LetsMove/PFMoveApplication.h;
				SWIFT_OPTIMIZATION_LEVEL = "-Onone";
				SWIFT_VERSION = 4.2;
			};
			name = Debug;
		};
		68C4ECFA20DF283E004B5C5B /* Release */ = {
			isa = XCBuildConfiguration;
			buildSettings = {
				ALWAYS_EMBED_SWIFT_STANDARD_LIBRARIES = YES;
				ASSETCATALOG_COMPILER_APPICON_NAME = AppIcon;
				CLANG_ENABLE_MODULES = YES;
				CLANG_ENABLE_OBJC_ARC = NO;
				CODE_SIGN_ENTITLEMENTS = Chirper/Chirper.entitlements;
				CODE_SIGN_IDENTITY = "Mac Developer";
				CODE_SIGN_STYLE = Automatic;
				COMBINE_HIDPI_IMAGES = YES;
				DEVELOPMENT_TEAM = 73CCF549YB;
				FRAMEWORK_SEARCH_PATHS = (
					"$(inherited)",
					"$(PROJECT_DIR)/Carthage/Build/Mac",
				);
				INFOPLIST_FILE = Chirper/Info.plist;
				LD_RUNPATH_SEARCH_PATHS = (
					"$(inherited)",
					"@executable_path/../Frameworks",
				);
				MACOSX_DEPLOYMENT_TARGET = 10.12;
				PRODUCT_BUNDLE_IDENTIFIER = com.ArthurG.Chirper;
				PRODUCT_NAME = "$(TARGET_NAME)";
				PROVISIONING_PROFILE_SPECIFIER = "";
				SWIFT_OBJC_BRIDGING_HEADER = Chirper/LetsMove/PFMoveApplication.h;
				SWIFT_VERSION = 4.2;
			};
			name = Release;
		};
/* End XCBuildConfiguration section */

/* Begin XCConfigurationList section */
		68C4ECE320DF283C004B5C5B /* Build configuration list for PBXProject "Chirper" */ = {
			isa = XCConfigurationList;
			buildConfigurations = (
				68C4ECF620DF283E004B5C5B /* Debug */,
				68C4ECF720DF283E004B5C5B /* Release */,
			);
			defaultConfigurationIsVisible = 0;
			defaultConfigurationName = Release;
		};
		68C4ECF820DF283E004B5C5B /* Build configuration list for PBXNativeTarget "Chirper" */ = {
			isa = XCConfigurationList;
			buildConfigurations = (
				68C4ECF920DF283E004B5C5B /* Debug */,
				68C4ECFA20DF283E004B5C5B /* Release */,
			);
			defaultConfigurationIsVisible = 0;
			defaultConfigurationName = Release;
		};
/* End XCConfigurationList section */
	};
	rootObject = 68C4ECE020DF283C004B5C5B /* Project object */;
}
